
Microsoft Visual Studio Solution File, Format Version 12.00
# Visual Studio 15
VisualStudioVersion = 15.0.28307.489
MinimumVisualStudioVersion = 10.0.40219.1
Project("{888888A0-9F3D-457C-B088-3A5042F75D52}") = "arctos", "arctos.pyproj", "{AFF1578A-C574-415E-80FB-D4D3CF6F916F}"
EndProject
Global
	GlobalSection(SolutionConfigurationPlatforms) = preSolution
		Debug|Any CPU = Debug|Any CPU
		Release|Any CPU = Release|Any CPU
	EndGlobalSection
	GlobalSection(ProjectConfigurationPlatforms) = postSolution
		{AFF1578A-C574-415E-80FB-D4D3CF6F916F}.Debug|Any CPU.ActiveCfg = Debug|Any CPU
		{AFF1578A-C574-415E-80FB-D4D3CF6F916F}.Release|Any CPU.ActiveCfg = Release|Any CPU
	EndGlobalSection
	GlobalSection(SolutionProperties) = preSolution
		HideSolutionNode = FALSE
	EndGlobalSection
	GlobalSection(ExtensibilityGlobals) = postSolution
		SolutionGuid = {B8D6AE03-B4F8-41DD-AF0A-720246F93C53}
	EndGlobalSection
EndGlobal
